{
  "name": "sequelize-test",
  "version": "1.0.0",
  "lockfileVersion": 2,
  "requires": true,
  "packages": {
    "": {
      "version": "1.0.0",
      "license": "ISC",
      "devDependencies": {
        "mysql2": "^2.3.0",
        "sequelize": "^6.6.5"
      }
    },
    "node_modules/@types/node": {
      "version": "16.4.13",
      "resolved": "https://registry.nlark.com/@types/node/download/@types/node-16.4.13.tgz?cache=0&sync_timestamp=1628211838245&other_urls=https%3A%2F%2Fregistry.nlark.com%2F%40types%2Fnode%2Fdownload%2F%40types%2Fnode-16.4.13.tgz",
      "integrity": "sha1-ff2cFGYe3GXMzUOinrRUF0ZCNw0=",
      "dev": true
    },
    "node_modules/any-promise": {
      "version": "1.3.0",
      "resolved": "https://registry.npm.taobao.org/any-promise/download/any-promise-1.3.0.tgz",
      "integrity": "sha1-q8av7tzqUugJzcA3au0845Y10X8=",
      "dev": true
    },
    "node_modules/debug": {
      "version": "4.3.2",
      "resolved": "https://registry.nlark.com/debug/download/debug-4.3.2.tgz",
      "integrity": "sha1-8KScGKyHeeMdSgxgKd+3aHPHQos=",
      "dev": true,
      "dependencies": {
        "ms": "2.1.2"
      },
      "engines": {
        "node": ">=6.0"
      }
    },
    "node_modules/denque": {
      "version": "1.5.0",
      "resolved": "https://registry.npm.taobao.org/denque/download/denque-1.5.0.tgz",
      "integrity": "sha1-dz3gaG/y2Owv+SkUMWpHtzscc94=",
      "dev": true,
      "engines": {
        "node": ">=0.10"
      }
    },
    "node_modules/dottie": {
      "version": "2.0.2",
      "resolved": "https://registry.npm.taobao.org/dottie/download/dottie-2.0.2.tgz?cache=0&sync_timestamp=1575367696583&other_urls=https%3A%2F%2Fregistry.npm.taobao.org%2Fdottie%2Fdownload%2Fdottie-2.0.2.tgz",
      "integrity": "sha1-zJHAcmzjoFTr8RxV+8kqfyZt0VQ=",
      "dev": true
    },
    "node_modules/generate-function": {
      "version": "2.3.1",
      "resolved": "https://registry.npm.taobao.org/generate-function/download/generate-function-2.3.1.tgz",
      "integrity": "sha1-8GlhdpDBDIaOc7hGV0Z2T5fDR58=",
      "dev": true,
      "dependencies": {
        "is-property": "^1.0.2"
      }
    },
    "node_modules/iconv-lite": {
      "version": "0.6.3",
      "resolved": "https://registry.nlark.com/iconv-lite/download/iconv-lite-0.6.3.tgz?cache=0&sync_timestamp=1621826342262&other_urls=https%3A%2F%2Fregistry.nlark.com%2Ficonv-lite%2Fdownload%2Ficonv-lite-0.6.3.tgz",
      "integrity": "sha1-pS+AvzjaGVLrXGgXkHGYcaGnJQE=",
      "dev": true,
      "dependencies": {
        "safer-buffer": ">= 2.1.2 < 3.0.0"
      },
      "engines": {
        "node": ">=0.10.0"
      }
    },
    "node_modules/inflection": {
      "version": "1.13.1",
      "resolved": "https://registry.nlark.com/inflection/download/inflection-1.13.1.tgz",
      "integrity": "sha1-xcrdgIiKkM+EwuluNA1+3IXV8Ms=",
      "dev": true,
      "engines": [
        "node >= 0.4.0"
      ]
    },
    "node_modules/is-property": {
      "version": "1.0.2",
      "resolved": "https://registry.npm.taobao.org/is-property/download/is-property-1.0.2.tgz",
      "integrity": "sha1-V/4cTkhHTt1lsJkR8msc1Ald2oQ=",
      "dev": true
    },
    "node_modules/lodash": {
      "version": "4.17.21",
      "resolved": "https://registry.npm.taobao.org/lodash/download/lodash-4.17.21.tgz",
      "integrity": "sha1-Z5WRxWTDv/quhFTPCz3zcMPWkRw=",
      "dev": true
    },
    "node_modules/long": {
      "version": "4.0.0",
      "resolved": "https://registry.npm.taobao.org/long/download/long-4.0.0.tgz",
      "integrity": "sha1-mntxz7fTYaGU6lVSQckvdGjVvyg=",
      "dev": true
    },
    "node_modules/lru-cache": {
      "version": "6.0.0",
      "resolved": "https://registry.npm.taobao.org/lru-cache/download/lru-cache-6.0.0.tgz?cache=0&sync_timestamp=1594427573763&other_urls=https%3A%2F%2Fregistry.npm.taobao.org%2Flru-cache%2Fdownload%2Flru-cache-6.0.0.tgz",
      "integrity": "sha1-bW/mVw69lqr5D8rR2vo7JWbbOpQ=",
      "dev": true,
      "dependencies": {
        "yallist": "^4.0.0"
      },
      "engines": {
        "node": ">=10"
      }
    },
    "node_modules/moment": {
      "version": "2.29.1",
      "resolved": "https://registry.npm.taobao.org/moment/download/moment-2.29.1.tgz?cache=0&sync_timestamp=1601983320283&other_urls=https%3A%2F%2Fregistry.npm.taobao.org%2Fmoment%2Fdownload%2Fmoment-2.29.1.tgz",
      "integrity": "sha1-sr52n6MZQL6e7qZGnAdeNQBvo9M=",
      "dev": true,
      "engines": {
        "node": "*"
      }
    },
    "node_modules/moment-timezone": {
      "version": "0.5.33",
      "resolved": "https://registry.npm.taobao.org/moment-timezone/download/moment-timezone-0.5.33.tgz",
      "integrity": "sha1-slL9a7V/NBybWaWrYajlGnO70iw=",
      "dev": true,
      "dependencies": {
        "moment": ">= 2.9.0"
      },
      "engines": {
        "node": "*"
      }
    },
    "node_modules/ms": {
      "version": "2.1.2",
      "resolved": "https://registry.npm.taobao.org/ms/download/ms-2.1.2.tgz",
      "integrity": "sha1-0J0fNXtEP0kzgqjrPM0YOHKuYAk=",
      "dev": true
    },
    "node_modules/mysql2": {
      "version": "2.3.0",
      "resolved": "https://registry.nlark.com/mysql2/download/mysql2-2.3.0.tgz?cache=0&other_urls=https%3A%2F%2Fregistry.nlark.com%2Fmysql2%2Fdownload%2Fmysql2-2.3.0.tgz",
      "integrity": "sha1-YA9cwn45fft3tZ6sk2ZkNPiOgHk=",
      "dev": true,
      "dependencies": {
        "denque": "^1.4.1",
        "generate-function": "^2.3.1",
        "iconv-lite": "^0.6.2",
        "long": "^4.0.0",
        "lru-cache": "^6.0.0",
        "named-placeholders": "^1.1.2",
        "seq-queue": "^0.0.5",
        "sqlstring": "^2.3.2"
      },
      "engines": {
        "node": ">= 8.0"
      }
    },
    "node_modules/named-placeholders": {
      "version": "1.1.2",
      "resolved": "https://registry.npm.taobao.org/named-placeholders/download/named-placeholders-1.1.2.tgz",
      "integrity": "sha1-zrH7/1C2szSStc8hTM9eOc7z0Og=",
      "dev": true,
      "dependencies": {
        "lru-cache": "^4.1.3"
      },
      "engines": {
        "node": ">=6.0.0"
      }
    },
    "node_modules/named-placeholders/node_modules/lru-cache": {
      "version": "4.1.5",
      "resolved": "https://registry.npm.taobao.org/lru-cache/download/lru-cache-4.1.5.tgz?cache=0&sync_timestamp=1594427573763&other_urls=https%3A%2F%2Fregistry.npm.taobao.org%2Flru-cache%2Fdownload%2Flru-cache-4.1.5.tgz",
      "integrity": "sha1-i75Q6oW+1ZvJ4z3KuCNe6bz0Q80=",
      "dev": true,
      "dependencies": {
        "pseudomap": "^1.0.2",
        "yallist": "^2.1.2"
      }
    },
    "node_modules/named-placeholders/node_modules/yallist": {
      "version": "2.1.2",
      "resolved": "https://registry.npm.taobao.org/yallist/download/yallist-2.1.2.tgz",
      "integrity": "sha1-HBH5IY8HYImkfdUS+TxmmaaoHVI=",
      "dev": true
    },
    "node_modules/pseudomap": {
      "version": "1.0.2",
      "resolved": "https://registry.npm.taobao.org/pseudomap/download/pseudomap-1.0.2.tgz",
      "integrity": "sha1-8FKijacOYYkX7wqKw0wa5aaChrM=",
      "dev": true
    },
    "node_modules/retry-as-promised": {
      "version": "3.2.0",
      "resolved": "https://registry.npm.taobao.org/retry-as-promised/download/retry-as-promised-3.2.0.tgz",
      "integrity": "sha1-dp9j1Ta+xHg1SdsHd8tW2t2dhUM=",
      "dev": true,
      "dependencies": {
        "any-promise": "^1.3.0"
      }
    },
    "node_modules/safer-buffer": {
      "version": "2.1.2",
      "resolved": "https://registry.npm.taobao.org/safer-buffer/download/safer-buffer-2.1.2.tgz",
      "integrity": "sha1-RPoWGwGHuVSd2Eu5GAL5vYOFzWo=",
      "dev": true
    },
    "node_modules/semver": {
      "version": "7.3.5",
      "resolved": "https://registry.npm.taobao.org/semver/download/semver-7.3.5.tgz?cache=0&sync_timestamp=1616463603361&other_urls=https%3A%2F%2Fregistry.npm.taobao.org%2Fsemver%2Fdownload%2Fsemver-7.3.5.tgz",
      "integrity": "sha1-C2Ich5NI2JmOSw5L6Us/EuYBjvc=",
      "dev": true,
      "dependencies": {
        "lru-cache": "^6.0.0"
      },
      "bin": {
        "semver": "bin/semver.js"
      },
      "engines": {
        "node": ">=10"
      }
    },
    "node_modules/seq-queue": {
      "version": "0.0.5",
      "resolved": "https://registry.npm.taobao.org/seq-queue/download/seq-queue-0.0.5.tgz",
      "integrity": "sha1-1WgS4cAXpuTnw+Ojeh2m143TyT4=",
      "dev": true
    },
    "node_modules/sequelize": {
      "version": "6.6.5",
      "resolved": "https://registry.nlark.com/sequelize/download/sequelize-6.6.5.tgz?cache=0&sync_timestamp=1625581296214&other_urls=https%3A%2F%2Fregistry.nlark.com%2Fsequelize%2Fdownload%2Fsequelize-6.6.5.tgz",
      "integrity": "sha1-b2GOmfPfH8gfKHCeijE5zsPvHww=",
      "dev": true,
      "dependencies": {
        "debug": "^4.1.1",
        "dottie": "^2.0.0",
        "inflection": "1.13.1",
        "lodash": "^4.17.20",
        "moment": "^2.26.0",
        "moment-timezone": "^0.5.31",
        "retry-as-promised": "^3.2.0",
        "semver": "^7.3.2",
        "sequelize-pool": "^6.0.0",
        "toposort-class": "^1.0.1",
        "uuid": "^8.1.0",
        "validator": "^13.6.0",
        "wkx": "^0.5.0"
      },
      "engines": {
        "node": ">=10.0.0"
      }
    },
    "node_modules/sequelize-pool": {
      "version": "6.1.0",
      "resolved": "https://registry.npm.taobao.org/sequelize-pool/download/sequelize-pool-6.1.0.tgz?cache=0&sync_timestamp=1616644494305&other_urls=https%3A%2F%2Fregistry.npm.taobao.org%2Fsequelize-pool%2Fdownload%2Fsequelize-pool-6.1.0.tgz",
      "integrity": "sha1-yqoMHjJNPCw6OZ/tLHmYlwkl1mg=",
      "dev": true,
      "engines": {
        "node": ">= 10.0.0"
      }
    },
    "node_modules/sqlstring": {
      "version": "2.3.2",
      "resolved": "https://registry.npm.taobao.org/sqlstring/download/sqlstring-2.3.2.tgz",
      "integrity": "sha1-za5xaTiaE3WxjohfLmCz5GCAlRQ=",
      "dev": true,
      "engines": {
        "node": ">= 0.6"
      }
    },
    "node_modules/toposort-class": {
      "version": "1.0.1",
      "resolved": "https://registry.npm.taobao.org/toposort-class/download/toposort-class-1.0.1.tgz",
      "integrity": "sha1-f/0feMi+KMO6Rc1OGj9e4ZO9mYg=",
      "dev": true
    },
    "node_modules/uuid": {
      "version": "8.3.2",
      "resolved": "https://registry.nlark.com/uuid/download/uuid-8.3.2.tgz",
      "integrity": "sha1-gNW1ztJxu5r2xEXyGhoExgbO++I=",
      "dev": true,
      "bin": {
        "uuid": "dist/bin/uuid"
      }
    },
    "node_modules/validator": {
      "version": "13.6.0",
      "resolved": "https://registry.nlark.com/validator/download/validator-13.6.0.tgz",
      "integrity": "sha1-HnGJnBTNx7IGhGPLJMHMFvbscFk=",
      "dev": true,
      "engines": {
        "node": ">= 0.10"
      }
    },
    "node_modules/wkx": {
      "version": "0.5.0",
      "resolved": "https://registry.npm.taobao.org/wkx/download/wkx-0.5.0.tgz",
      "integrity": "sha1-xsNwGaz0DlF8xrlGV6JaPUqjPow=",
      "dev": true,
      "dependencies": {
        "@types/node": "*"
      }
    },
    "node_modules/yallist": {
      "version": "4.0.0",
      "resolved": "https://registry.npm.taobao.org/yallist/download/yallist-4.0.0.tgz",
      "integrity": "sha1-m7knkNnA7/7GO+c1GeEaNQGaOnI=",
      "dev": true
    }
  },
  "dependencies": {
    "@types/node": {
      "version": "16.4.13",
      "resolved": "https://registry.nlark.com/@types/node/download/@types/node-16.4.13.tgz?cache=0&sync_timestamp=1628211838245&other_urls=https%3A%2F%2Fregistry.nlark.com%2F%40types%2Fnode%2Fdownload%2F%40types%2Fnode-16.4.13.tgz",
      "integrity": "sha1-ff2cFGYe3GXMzUOinrRUF0ZCNw0=",
      "dev": true
    },
    "any-promise": {
      "version": "1.3.0",
      "resolved": "https://registry.npm.taobao.org/any-promise/download/any-promise-1.3.0.tgz",
      "integrity": "sha1-q8av7tzqUugJzcA3au0845Y10X8=",
      "dev": true
    },
    "debug": {
      "version": "4.3.2",
      "resolved": "https://registry.nlark.com/debug/download/debug-4.3.2.tgz",
      "integrity": "sha1-8KScGKyHeeMdSgxgKd+3aHPHQos=",
      "dev": true,
      "requires": {
        "ms": "2.1.2"
      }
    },
    "denque": {
      "version": "1.5.0",
      "resolved": "https://registry.npm.taobao.org/denque/download/denque-1.5.0.tgz",
      "integrity": "sha1-dz3gaG/y2Owv+SkUMWpHtzscc94=",
      "dev": true
    },
    "dottie": {
      "version": "2.0.2",
      "resolved": "https://registry.npm.taobao.org/dottie/download/dottie-2.0.2.tgz?cache=0&sync_timestamp=1575367696583&other_urls=https%3A%2F%2Fregistry.npm.taobao.org%2Fdottie%2Fdownload%2Fdottie-2.0.2.tgz",
      "integrity": "sha1-zJHAcmzjoFTr8RxV+8kqfyZt0VQ=",
      "dev": true
    },
    "generate-function": {
      "version": "2.3.1",
      "resolved": "https://registry.npm.taobao.org/generate-function/download/generate-function-2.3.1.tgz",
      "integrity": "sha1-8GlhdpDBDIaOc7hGV0Z2T5fDR58=",
      "dev": true,
      "requires": {
        "is-property": "^1.0.2"
      }
    },
    "iconv-lite": {
      "version": "0.6.3",
      "resolved": "https://registry.nlark.com/iconv-lite/download/iconv-lite-0.6.3.tgz?cache=0&sync_timestamp=1621826342262&other_urls=https%3A%2F%2Fregistry.nlark.com%2Ficonv-lite%2Fdownload%2Ficonv-lite-0.6.3.tgz",
      "integrity": "sha1-pS+AvzjaGVLrXGgXkHGYcaGnJQE=",
      "dev": true,
      "requires": {
        "safer-buffer": ">= 2.1.2 < 3.0.0"
      }
    },
    "inflection": {
      "version": "1.13.1",
      "resolved": "https://registry.nlark.com/inflection/download/inflection-1.13.1.tgz",
      "integrity": "sha1-xcrdgIiKkM+EwuluNA1+3IXV8Ms=",
      "dev": true
    },
    "is-property": {
      "version": "1.0.2",
      "resolved": "https://registry.npm.taobao.org/is-property/download/is-property-1.0.2.tgz",
      "integrity": "sha1-V/4cTkhHTt1lsJkR8msc1Ald2oQ=",
      "dev": true
    },
    "lodash": {
      "version": "4.17.21",
      "resolved": "https://registry.npm.taobao.org/lodash/download/lodash-4.17.21.tgz",
      "integrity": "sha1-Z5WRxWTDv/quhFTPCz3zcMPWkRw=",
      "dev": true
    },
    "long": {
      "version": "4.0.0",
      "resolved": "https://registry.npm.taobao.org/long/download/long-4.0.0.tgz",
      "integrity": "sha1-mntxz7fTYaGU6lVSQckvdGjVvyg=",
      "dev": true
    },
    "lru-cache": {
      "version": "6.0.0",
      "resolved": "https://registry.npm.taobao.org/lru-cache/download/lru-cache-6.0.0.tgz?cache=0&sync_timestamp=1594427573763&other_urls=https%3A%2F%2Fregistry.npm.taobao.org%2Flru-cache%2Fdownload%2Flru-cache-6.0.0.tgz",
      "integrity": "sha1-bW/mVw69lqr5D8rR2vo7JWbbOpQ=",
      "dev": true,
      "requires": {
        "yallist": "^4.0.0"
      }
    },
    "moment": {
      "version": "2.29.1",
      "resolved": "https://registry.npm.taobao.org/moment/download/moment-2.29.1.tgz?cache=0&sync_timestamp=1601983320283&other_urls=https%3A%2F%2Fregistry.npm.taobao.org%2Fmoment%2Fdownload%2Fmoment-2.29.1.tgz",
      "integrity": "sha1-sr52n6MZQL6e7qZGnAdeNQBvo9M=",
      "dev": true
    },
    "moment-timezone": {
      "version": "0.5.33",
      "resolved": "https://registry.npm.taobao.org/moment-timezone/download/moment-timezone-0.5.33.tgz",
      "integrity": "sha1-slL9a7V/NBybWaWrYajlGnO70iw=",
      "dev": true,
      "requires": {
        "moment": ">= 2.9.0"
      }
    },
    "ms": {
      "version": "2.1.2",
      "resolved": "https://registry.npm.taobao.org/ms/download/ms-2.1.2.tgz",
      "integrity": "sha1-0J0fNXtEP0kzgqjrPM0YOHKuYAk=",
      "dev": true
    },
    "mysql2": {
      "version": "2.3.0",
      "resolved": "https://registry.nlark.com/mysql2/download/mysql2-2.3.0.tgz?cache=0&other_urls=https%3A%2F%2Fregistry.nlark.com%2Fmysql2%2Fdownload%2Fmysql2-2.3.0.tgz",
      "integrity": "sha1-YA9cwn45fft3tZ6sk2ZkNPiOgHk=",
      "dev": true,
      "requires": {
        "denque": "^1.4.1",
        "generate-function": "^2.3.1",
        "iconv-lite": "^0.6.2",
        "long": "^4.0.0",
        "lru-cache": "^6.0.0",
        "named-placeholders": "^1.1.2",
        "seq-queue": "^0.0.5",
        "sqlstring": "^2.3.2"
      }
    },
    "named-placeholders": {
      "version": "1.1.2",
      "resolved": "https://registry.npm.taobao.org/named-placeholders/download/named-placeholders-1.1.2.tgz",
      "integrity": "sha1-zrH7/1C2szSStc8hTM9eOc7z0Og=",
      "dev": true,
      "requires": {
        "lru-cache": "^4.1.3"
      },
      "dependencies": {
        "lru-cache": {
          "version": "4.1.5",
          "resolved": "https://registry.npm.taobao.org/lru-cache/download/lru-cache-4.1.5.tgz?cache=0&sync_timestamp=1594427573763&other_urls=https%3A%2F%2Fregistry.npm.taobao.org%2Flru-cache%2Fdownload%2Flru-cache-4.1.5.tgz",
          "integrity": "sha1-i75Q6oW+1ZvJ4z3KuCNe6bz0Q80=",
          "dev": true,
          "requires": {
            "pseudomap": "^1.0.2",
            "yallist": "^2.1.2"
          }
        },
        "yallist": {
          "version": "2.1.2",
          "resolved": "https://registry.npm.taobao.org/yallist/download/yallist-2.1.2.tgz",
          "integrity": "sha1-HBH5IY8HYImkfdUS+TxmmaaoHVI=",
          "dev": true
        }
      }
    },
    "pseudomap": {
      "version": "1.0.2",
      "resolved": "https://registry.npm.taobao.org/pseudomap/download/pseudomap-1.0.2.tgz",
      "integrity": "sha1-8FKijacOYYkX7wqKw0wa5aaChrM=",
      "dev": true
    },
    "retry-as-promised": {
      "version": "3.2.0",
      "resolved": "https://registry.npm.taobao.org/retry-as-promised/download/retry-as-promised-3.2.0.tgz",
      "integrity": "sha1-dp9j1Ta+xHg1SdsHd8tW2t2dhUM=",
      "dev": true,
      "requires": {
        "any-promise": "^1.3.0"
      }
    },
    "safer-buffer": {
      "version": "2.1.2",
      "resolved": "https://registry.npm.taobao.org/safer-buffer/download/safer-buffer-2.1.2.tgz",
      "integrity": "sha1-RPoWGwGHuVSd2Eu5GAL5vYOFzWo=",
      "dev": true
    },
    "semver": {
      "version": "7.3.5",
      "resolved": "https://registry.npm.taobao.org/semver/download/semver-7.3.5.tgz?cache=0&sync_timestamp=1616463603361&other_urls=https%3A%2F%2Fregistry.npm.taobao.org%2Fsemver%2Fdownload%2Fsemver-7.3.5.tgz",
      "integrity": "sha1-C2Ich5NI2JmOSw5L6Us/EuYBjvc=",
      "dev": true,
      "requires": {
        "lru-cache": "^6.0.0"
      }
    },
    "seq-queue": {
      "version": "0.0.5",
      "resolved": "https://registry.npm.taobao.org/seq-queue/download/seq-queue-0.0.5.tgz",
      "integrity": "sha1-1WgS4cAXpuTnw+Ojeh2m143TyT4=",
      "dev": true
    },
    "sequelize": {
      "version": "6.6.5",
      "resolved": "https://registry.nlark.com/sequelize/download/sequelize-6.6.5.tgz?cache=0&sync_timestamp=1625581296214&other_urls=https%3A%2F%2Fregistry.nlark.com%2Fsequelize%2Fdownload%2Fsequelize-6.6.5.tgz",
      "integrity": "sha1-b2GOmfPfH8gfKHCeijE5zsPvHww=",
      "dev": true,
      "requires": {
        "debug": "^4.1.1",
        "dottie": "^2.0.0",
        "inflection": "1.13.1",
        "lodash": "^4.17.20",
        "moment": "^2.26.0",
        "moment-timezone": "^0.5.31",
        "retry-as-promised": "^3.2.0",
        "semver": "^7.3.2",
        "sequelize-pool": "^6.0.0",
        "toposort-class": "^1.0.1",
        "uuid": "^8.1.0",
        "validator": "^13.6.0",
        "wkx": "^0.5.0"
      }
    },
    "sequelize-pool": {
      "version": "6.1.0",
      "resolved": "https://registry.npm.taobao.org/sequelize-pool/download/sequelize-pool-6.1.0.tgz?cache=0&sync_timestamp=1616644494305&other_urls=https%3A%2F%2Fregistry.npm.taobao.org%2Fsequelize-pool%2Fdownload%2Fsequelize-pool-6.1.0.tgz",
      "integrity": "sha1-yqoMHjJNPCw6OZ/tLHmYlwkl1mg=",
      "dev": true
    },
    "sqlstring": {
      "version": "2.3.2",
      "resolved": "https://registry.npm.taobao.org/sqlstring/download/sqlstring-2.3.2.tgz",
      "integrity": "sha1-za5xaTiaE3WxjohfLmCz5GCAlRQ=",
      "dev": true
    },
    "toposort-class": {
      "version": "1.0.1",
      "resolved": "https://registry.npm.taobao.org/toposort-class/download/toposort-class-1.0.1.tgz",
      "integrity": "sha1-f/0feMi+KMO6Rc1OGj9e4ZO9mYg=",
      "dev": true
    },
    "uuid": {
      "version": "8.3.2",
      "resolved": "https://registry.nlark.com/uuid/download/uuid-8.3.2.tgz",
      "integrity": "sha1-gNW1ztJxu5r2xEXyGhoExgbO++I=",
      "dev": true
    },
    "validator": {
      "version": "13.6.0",
      "resolved": "https://registry.nlark.com/validator/download/validator-13.6.0.tgz",
      "integrity": "sha1-HnGJnBTNx7IGhGPLJMHMFvbscFk=",
      "dev": true
    },
    "wkx": {
      "version": "0.5.0",
      "resolved": "https://registry.npm.taobao.org/wkx/download/wkx-0.5.0.tgz",
      "integrity": "sha1-xsNwGaz0DlF8xrlGV6JaPUqjPow=",
      "dev": true,
      "requires": {
        "@types/node": "*"
      }
    },
    "yallist": {
      "version": "4.0.0",
      "resolved": "https://registry.npm.taobao.org/yallist/download/yallist-4.0.0.tgz",
      "integrity": "sha1-m7knkNnA7/7GO+c1GeEaNQGaOnI=",
      "dev": true
    }
  }
}
